# This file was autogenerated by Stack.
# You should not edit this file by hand.
# For more information, please see the documentation at:
#   https://docs.haskellstack.org/en/stable/lock_files

packages:
- completed:
    hackage: deriving-aeson-0.2.4@sha256:c014906d1ba5f73646dd1da9815c3203ba5938210e12f0ce1e5f0d98fa4f64e2,1277
    pantry-tree:
      size: 441
      sha256: f2bc6b70b2f43e1bc8aaf69651c7d045456d37c0f8c5ff67ad4d42cb4df2e3cb
  original:
    hackage: deriving-aeson-0.2.4@sha256:c014906d1ba5f73646dd1da9815c3203ba5938210e12f0ce1e5f0d98fa4f64e2,1277
- completed:
    hackage: generic-data-surgery-0.2.1.0@sha256:12dd6af95b8d5aac32bd86c51c0e934072476ab3d45305c859b258dd815c6330,1272
    pantry-tree:
      size: 467
      sha256: c334b6c294e9d6d9285fc26021f96727c0d514e4b2c79f7cd6b7c59c17e261e1
  original:
    hackage: generic-data-surgery-0.2.1.0@sha256:12dd6af95b8d5aac32bd86c51c0e934072476ab3d45305c859b258dd815c6330,1272
- completed:
    hackage: symbols-0.3.0.0@sha256:5d051bccbd4bcb33fa8ce076bd3cd2bacc90973682f7340976758947eaa128a9,964
    pantry-tree:
      size: 529
      sha256: 06746077732f4d49d3277821303292314d51df9a63efecd47217fc0946233026
  original:
    hackage: symbols-0.3.0.0@sha256:5d051bccbd4bcb33fa8ce076bd3cd2bacc90973682f7340976758947eaa128a9,964
snapshots:
- completed:
    size: 494638
    url: https://raw.githubusercontent.com/commercialhaskell/stackage-snapshots/master/lts/15/11.yaml
    sha256: 5747328cdcbb8fe9c96fc048b5566167c80dd176a41b52d3b363058e3cc1dc5d
  original: lts-15.11
